
Microsoft Visual Studio Solution File, Format Version 12.00
# Visual Studio Version 17
VisualStudioVersion = 17.0.31903.59
MinimumVisualStudioVersion = 10.0.40219.1
Project("{2150E333-8FDC-42A3-9474-1A3956D46DE8}") = "src", "src", "{53C645A0-186A-4937-83DC-94F28C8B2C35}"
EndProject
Project("{FAE04EC0-301F-11D3-BF4B-00C04F79EFBC}") = "ZeitstrahlStudio.Domain", "src\ZeitstrahlStudio.Domain\ZeitstrahlStudio.Domain.csproj", "{334B8F1E-E24D-4582-9F1A-02CB2C4DA7E9}"
EndProject
Project("{FAE04EC0-301F-11D3-BF4B-00C04F79EFBC}") = "ZeitstrahlStudio.Shared", "src\ZeitstrahlStudio.Shared\ZeitstrahlStudio.Shared.csproj", "{58377646-485C-4147-87CE-99D35FD1FE3D}"
EndProject
Project("{FAE04EC0-301F-11D3-BF4B-00C04F79EFBC}") = "ZeitstrahlStudio.Application", "src\ZeitstrahlStudio.Application\ZeitstrahlStudio.Application.csproj", "{ED889337-A090-430C-9440-757963EC7A1A}"
EndProject
Project("{FAE04EC0-301F-11D3-BF4B-00C04F79EFBC}") = "ZeitstrahlStudio.Infrastructure", "src\ZeitstrahlStudio.Infrastructure\ZeitstrahlStudio.Infrastructure.csproj", "{B4881C11-B661-4E88-8C09-CF77E16E97CE}"
EndProject
Project("{FAE04EC0-301F-11D3-BF4B-00C04F79EFBC}") = "ZeitstrahlStudio.DocumentProcessing", "src\ZeitstrahlStudio.DocumentProcessing\ZeitstrahlStudio.DocumentProcessing.csproj", "{426B22AB-F432-453F-9ACD-B7640FA59A6E}"
EndProject
Project("{FAE04EC0-301F-11D3-BF4B-00C04F79EFBC}") = "ZeitstrahlStudio.Export", "src\ZeitstrahlStudio.Export\ZeitstrahlStudio.Export.csproj", "{3C2C06E2-679F-4AF1-9874-7ECB86A4BAF5}"
EndProject
Project("{FAE04EC0-301F-11D3-BF4B-00C04F79EFBC}") = "ZeitstrahlStudio.App", "src\ZeitstrahlStudio.App\ZeitstrahlStudio.App.csproj", "{C94C4A72-7A05-42A4-9F00-EA64F96260E6}"
EndProject
Project("{2150E333-8FDC-42A3-9474-1A3956D46DE8}") = "tests", "tests", "{E2C2C17D-192A-43DD-95E6-66E79AFDBFD0}"
EndProject
Project("{FAE04EC0-301F-11D3-BF4B-00C04F79EFBC}") = "ZeitstrahlStudio.UnitTests", "tests\ZeitstrahlStudio.UnitTests\ZeitstrahlStudio.UnitTests.csproj", "{FBACBB26-019B-46C6-9877-AA990276C428}"
EndProject
Project("{FAE04EC0-301F-11D3-BF4B-00C04F79EFBC}") = "ZeitstrahlStudio.IntegrationTests", "tests\ZeitstrahlStudio.IntegrationTests\ZeitstrahlStudio.IntegrationTests.csproj", "{4FF420E5-D3BE-4052-B7C3-4171562B548D}"
EndProject
Global
	GlobalSection(SolutionProperties) = preSolution
		HideSolutionNode = FALSE
	EndGlobalSection
	GlobalSection(SolutionConfigurationPlatforms) = preSolution
		Debug|Any CPU = Debug|Any CPU
		Debug|x64 = Debug|x64
		Debug|x86 = Debug|x86
		Release|Any CPU = Release|Any CPU
		Release|x64 = Release|x64
		Release|x86 = Release|x86
	EndGlobalSection
	GlobalSection(ProjectConfigurationPlatforms) = postSolution
		{334B8F1E-E24D-4582-9F1A-02CB2C4DA7E9}.Debug|Any CPU.ActiveCfg = Debug|Any CPU
		{334B8F1E-E24D-4582-9F1A-02CB2C4DA7E9}.Debug|Any CPU.Build.0 = Debug|Any CPU
		{334B8F1E-E24D-4582-9F1A-02CB2C4DA7E9}.Debug|x64.ActiveCfg = Debug|Any CPU
		{334B8F1E-E24D-4582-9F1A-02CB2C4DA7E9}.Debug|x64.Build.0 = Debug|Any CPU
		{334B8F1E-E24D-4582-9F1A-02CB2C4DA7E9}.Debug|x86.ActiveCfg = Debug|Any CPU
		{334B8F1E-E24D-4582-9F1A-02CB2C4DA7E9}.Debug|x86.Build.0 = Debug|Any CPU
		{334B8F1E-E24D-4582-9F1A-02CB2C4DA7E9}.Release|Any CPU.ActiveCfg = Release|Any CPU
		{334B8F1E-E24D-4582-9F1A-02CB2C4DA7E9}.Release|Any CPU.Build.0 = Release|Any CPU
		{334B8F1E-E24D-4582-9F1A-02CB2C4DA7E9}.Release|x64.ActiveCfg = Release|Any CPU
		{334B8F1E-E24D-4582-9F1A-02CB2C4DA7E9}.Release|x64.Build.0 = Release|Any CPU
		{334B8F1E-E24D-4582-9F1A-02CB2C4DA7E9}.Release|x86.ActiveCfg = Release|Any CPU
		{334B8F1E-E24D-4582-9F1A-02CB2C4DA7E9}.Release|x86.Build.0 = Release|Any CPU
		{58377646-485C-4147-87CE-99D35FD1FE3D}.Debug|Any CPU.ActiveCfg = Debug|Any CPU
		{58377646-485C-4147-87CE-99D35FD1FE3D}.Debug|Any CPU.Build.0 = Debug|Any CPU
		{58377646-485C-4147-87CE-99D35FD1FE3D}.Debug|x64.ActiveCfg = Debug|Any CPU
		{58377646-485C-4147-87CE-99D35FD1FE3D}.Debug|x64.Build.0 = Debug|Any CPU
		{58377646-485C-4147-87CE-99D35FD1FE3D}.Debug|x86.ActiveCfg = Debug|Any CPU
		{58377646-485C-4147-87CE-99D35FD1FE3D}.Debug|x86.Build.0 = Debug|Any CPU
		{58377646-485C-4147-87CE-99D35FD1FE3D}.Release|Any CPU.ActiveCfg = Release|Any CPU
		{58377646-485C-4147-87CE-99D35FD1FE3D}.Release|Any CPU.Build.0 = Release|Any CPU
		{58377646-485C-4147-87CE-99D35FD1FE3D}.Release|x64.ActiveCfg = Release|Any CPU
		{58377646-485C-4147-87CE-99D35FD1FE3D}.Release|x64.Build.0 = Release|Any CPU
		{58377646-485C-4147-87CE-99D35FD1FE3D}.Release|x86.ActiveCfg = Release|Any CPU
		{58377646-485C-4147-87CE-99D35FD1FE3D}.Release|x86.Build.0 = Release|Any CPU
		{ED889337-A090-430C-9440-757963EC7A1A}.Debug|Any CPU.ActiveCfg = Debug|Any CPU
		{ED889337-A090-430C-9440-757963EC7A1A}.Debug|Any CPU.Build.0 = Debug|Any CPU
		{ED889337-A090-430C-9440-757963EC7A1A}.Debug|x64.ActiveCfg = Debug|Any CPU
		{ED889337-A090-430C-9440-757963EC7A1A}.Debug|x64.Build.0 = Debug|Any CPU
		{ED889337-A090-430C-9440-757963EC7A1A}.Debug|x86.ActiveCfg = Debug|Any CPU
		{ED889337-A090-430C-9440-757963EC7A1A}.Debug|x86.Build.0 = Debug|Any CPU
		{ED889337-A090-430C-9440-757963EC7A1A}.Release|Any CPU.ActiveCfg = Release|Any CPU
		{ED889337-A090-430C-9440-757963EC7A1A}.Release|Any CPU.Build.0 = Release|Any CPU
		{ED889337-A090-430C-9440-757963EC7A1A}.Release|x64.ActiveCfg = Release|Any CPU
		{ED889337-A090-430C-9440-757963EC7A1A}.Release|x64.Build.0 = Release|Any CPU
		{ED889337-A090-430C-9440-757963EC7A1A}.Release|x86.ActiveCfg = Release|Any CPU
		{ED889337-A090-430C-9440-757963EC7A1A}.Release|x86.Build.0 = Release|Any CPU
		{B4881C11-B661-4E88-8C09-CF77E16E97CE}.Debug|Any CPU.ActiveCfg = Debug|Any CPU
		{B4881C11-B661-4E88-8C09-CF77E16E97CE}.Debug|Any CPU.Build.0 = Debug|Any CPU
		{B4881C11-B661-4E88-8C09-CF77E16E97CE}.Debug|x64.ActiveCfg = Debug|Any CPU
		{B4881C11-B661-4E88-8C09-CF77E16E97CE}.Debug|x64.Build.0 = Debug|Any CPU
		{B4881C11-B661-4E88-8C09-CF77E16E97CE}.Debug|x86.ActiveCfg = Debug|Any CPU
		{B4881C11-B661-4E88-8C09-CF77E16E97CE}.Debug|x86.Build.0 = Debug|Any CPU
		{B4881C11-B661-4E88-8C09-CF77E16E97CE}.Release|Any CPU.ActiveCfg = Release|Any CPU
		{B4881C11-B661-4E88-8C09-CF77E16E97CE}.Release|Any CPU.Build.0 = Release|Any CPU
		{B4881C11-B661-4E88-8C09-CF77E16E97CE}.Release|x64.ActiveCfg = Release|Any CPU
		{B4881C11-B661-4E88-8C09-CF77E16E97CE}.Release|x64.Build.0 = Release|Any CPU
		{B4881C11-B661-4E88-8C09-CF77E16E97CE}.Release|x86.ActiveCfg = Release|Any CPU
		{B4881C11-B661-4E88-8C09-CF77E16E97CE}.Release|x86.Build.0 = Release|Any CPU
		{426B22AB-F432-453F-9ACD-B7640FA59A6E}.Debug|Any CPU.ActiveCfg = Debug|Any CPU
		{426B22AB-F432-453F-9ACD-B7640FA59A6E}.Debug|Any CPU.Build.0 = Debug|Any CPU
		{426B22AB-F432-453F-9ACD-B7640FA59A6E}.Debug|x64.ActiveCfg = Debug|Any CPU
		{426B22AB-F432-453F-9ACD-B7640FA59A6E}.Debug|x64.Build.0 = Debug|Any CPU
		{426B22AB-F432-453F-9ACD-B7640FA59A6E}.Debug|x86.ActiveCfg = Debug|Any CPU
		{426B22AB-F432-453F-9ACD-B7640FA59A6E}.Debug|x86.Build.0 = Debug|Any CPU
		{426B22AB-F432-453F-9ACD-B7640FA59A6E}.Release|Any CPU.ActiveCfg = Release|Any CPU
		{426B22AB-F432-453F-9ACD-B7640FA59A6E}.Release|Any CPU.Build.0 = Release|Any CPU
		{426B22AB-F432-453F-9ACD-B7640FA59A6E}.Release|x64.ActiveCfg = Release|Any CPU
		{426B22AB-F432-453F-9ACD-B7640FA59A6E}.Release|x64.Build.0 = Release|Any CPU
		{426B22AB-F432-453F-9ACD-B7640FA59A6E}.Release|x86.ActiveCfg = Release|Any CPU
		{426B22AB-F432-453F-9ACD-B7640FA59A6E}.Release|x86.Build.0 = Release|Any CPU
		{3C2C06E2-679F-4AF1-9874-7ECB86A4BAF5}.Debug|Any CPU.ActiveCfg = Debug|Any CPU
		{3C2C06E2-679F-4AF1-9874-7ECB86A4BAF5}.Debug|Any CPU.Build.0 = Debug|Any CPU
		{3C2C06E2-679F-4AF1-9874-7ECB86A4BAF5}.Debug|x64.ActiveCfg = Debug|Any CPU
		{3C2C06E2-679F-4AF1-9874-7ECB86A4BAF5}.Debug|x64.Build.0 = Debug|Any CPU
		{3C2C06E2-679F-4AF1-9874-7ECB86A4BAF5}.Debug|x86.ActiveCfg = Debug|Any CPU
		{3C2C06E2-679F-4AF1-9874-7ECB86A4BAF5}.Debug|x86.Build.0 = Debug|Any CPU
		{3C2C06E2-679F-4AF1-9874-7ECB86A4BAF5}.Release|Any CPU.ActiveCfg = Release|Any CPU
		{3C2C06E2-679F-4AF1-9874-7ECB86A4BAF5}.Release|Any CPU.Build.0 = Release|Any CPU
		{3C2C06E2-679F-4AF1-9874-7ECB86A4BAF5}.Release|x64.ActiveCfg = Release|Any CPU
		{3C2C06E2-679F-4AF1-9874-7ECB86A4BAF5}.Release|x64.Build.0 = Release|Any CPU
		{3C2C06E2-679F-4AF1-9874-7ECB86A4BAF5}.Release|x86.ActiveCfg = Release|Any CPU
		{3C2C06E2-679F-4AF1-9874-7ECB86A4BAF5}.Release|x86.Build.0 = Release|Any CPU
		{C94C4A72-7A05-42A4-9F00-EA64F96260E6}.Debug|Any CPU.ActiveCfg = Debug|Any CPU
		{C94C4A72-7A05-42A4-9F00-EA64F96260E6}.Debug|Any CPU.Build.0 = Debug|Any CPU
		{C94C4A72-7A05-42A4-9F00-EA64F96260E6}.Debug|x64.ActiveCfg = Debug|Any CPU
		{C94C4A72-7A05-42A4-9F00-EA64F96260E6}.Debug|x64.Build.0 = Debug|Any CPU
		{C94C4A72-7A05-42A4-9F00-EA64F96260E6}.Debug|x86.ActiveCfg = Debug|Any CPU
		{C94C4A72-7A05-42A4-9F00-EA64F96260E6}.Debug|x86.Build.0 = Debug|Any CPU
		{C94C4A72-7A05-42A4-9F00-EA64F96260E6}.Release|Any CPU.ActiveCfg = Release|Any CPU
		{C94C4A72-7A05-42A4-9F00-EA64F96260E6}.Release|Any CPU.Build.0 = Release|Any CPU
		{C94C4A72-7A05-42A4-9F00-EA64F96260E6}.Release|x64.ActiveCfg = Release|Any CPU
		{C94C4A72-7A05-42A4-9F00-EA64F96260E6}.Release|x64.Build.0 = Release|Any CPU
		{C94C4A72-7A05-42A4-9F00-EA64F96260E6}.Release|x86.ActiveCfg = Release|Any CPU
		{C94C4A72-7A05-42A4-9F00-EA64F96260E6}.Release|x86.Build.0 = Release|Any CPU
		{FBACBB26-019B-46C6-9877-AA990276C428}.Debug|Any CPU.ActiveCfg = Debug|Any CPU
		{FBACBB26-019B-46C6-9877-AA990276C428}.Debug|Any CPU.Build.0 = Debug|Any CPU
		{FBACBB26-019B-46C6-9877-AA990276C428}.Debug|x64.ActiveCfg = Debug|Any CPU
		{FBACBB26-019B-46C6-9877-AA990276C428}.Debug|x64.Build.0 = Debug|Any CPU
		{FBACBB26-019B-46C6-9877-AA990276C428}.Debug|x86.ActiveCfg = Debug|Any CPU
		{FBACBB26-019B-46C6-9877-AA990276C428}.Debug|x86.Build.0 = Debug|Any CPU
		{FBACBB26-019B-46C6-9877-AA990276C428}.Release|Any CPU.ActiveCfg = Release|Any CPU
		{FBACBB26-019B-46C6-9877-AA990276C428}.Release|Any CPU.Build.0 = Release|Any CPU
		{FBACBB26-019B-46C6-9877-AA990276C428}.Release|x64.ActiveCfg = Release|Any CPU
		{FBACBB26-019B-46C6-9877-AA990276C428}.Release|x64.Build.0 = Release|Any CPU
		{FBACBB26-019B-46C6-9877-AA990276C428}.Release|x86.ActiveCfg = Release|Any CPU
		{FBACBB26-019B-46C6-9877-AA990276C428}.Release|x86.Build.0 = Release|Any CPU
		{4FF420E5-D3BE-4052-B7C3-4171562B548D}.Debug|Any CPU.ActiveCfg = Debug|Any CPU
		{4FF420E5-D3BE-4052-B7C3-4171562B548D}.Debug|Any CPU.Build.0 = Debug|Any CPU
		{4FF420E5-D3BE-4052-B7C3-4171562B548D}.Debug|x64.ActiveCfg = Debug|Any CPU
		{4FF420E5-D3BE-4052-B7C3-4171562B548D}.Debug|x64.Build.0 = Debug|Any CPU
		{4FF420E5-D3BE-4052-B7C3-4171562B548D}.Debug|x86.ActiveCfg = Debug|Any CPU
		{4FF420E5-D3BE-4052-B7C3-4171562B548D}.Debug|x86.Build.0 = Debug|Any CPU
		{4FF420E5-D3BE-4052-B7C3-4171562B548D}.Release|Any CPU.ActiveCfg = Release|Any CPU
		{4FF420E5-D3BE-4052-B7C3-4171562B548D}.Release|Any CPU.Build.0 = Release|Any CPU
		{4FF420E5-D3BE-4052-B7C3-4171562B548D}.Release|x64.ActiveCfg = Release|Any CPU
		{4FF420E5-D3BE-4052-B7C3-4171562B548D}.Release|x64.Build.0 = Release|Any CPU
		{4FF420E5-D3BE-4052-B7C3-4171562B548D}.Release|x86.ActiveCfg = Release|Any CPU
		{4FF420E5-D3BE-4052-B7C3-4171562B548D}.Release|x86.Build.0 = Release|Any CPU
	EndGlobalSection
	GlobalSection(NestedProjects) = preSolution
		{334B8F1E-E24D-4582-9F1A-02CB2C4DA7E9} = {53C645A0-186A-4937-83DC-94F28C8B2C35}
		{58377646-485C-4147-87CE-99D35FD1FE3D} = {53C645A0-186A-4937-83DC-94F28C8B2C35}
		{ED889337-A090-430C-9440-757963EC7A1A} = {53C645A0-186A-4937-83DC-94F28C8B2C35}
		{B4881C11-B661-4E88-8C09-CF77E16E97CE} = {53C645A0-186A-4937-83DC-94F28C8B2C35}
		{426B22AB-F432-453F-9ACD-B7640FA59A6E} = {53C645A0-186A-4937-83DC-94F28C8B2C35}
		{3C2C06E2-679F-4AF1-9874-7ECB86A4BAF5} = {53C645A0-186A-4937-83DC-94F28C8B2C35}
		{C94C4A72-7A05-42A4-9F00-EA64F96260E6} = {53C645A0-186A-4937-83DC-94F28C8B2C35}
		{FBACBB26-019B-46C6-9877-AA990276C428} = {E2C2C17D-192A-43DD-95E6-66E79AFDBFD0}
		{4FF420E5-D3BE-4052-B7C3-4171562B548D} = {E2C2C17D-192A-43DD-95E6-66E79AFDBFD0}
	EndGlobalSection
EndGlobal
